
Microsoft Visual Studio Solution File, Format Version 12.00
# Visual Studio Version 16
VisualStudioVersion = 16.0.28803.156
MinimumVisualStudioVersion = 10.0.40219.1
Project("{778DAE3C-4631-46EA-AA77-85C1314464D9}") = "HelloWorld", "HelloWorld\HelloWorld.vbproj", "{2BEBF2D9-18FC-4DF9-BC7F-431EFD1F088D}"
EndProject
Project("{9A19103F-16F7-4668-BE54-9A1E7A4F7556}") = "HelloWorld_c", "HelloWorld_c\HelloWorld_c.csproj", "{2ECED296-710C-4228-AFD3-7C2B3E37E1B8}"
EndProject
Project("{888888A0-9F3D-457C-B088-3A5042F75D52}") = "HelloWorld_p", "HelloWorld_p\HelloWorld_p.pyproj", "{1038FA92-3502-4EA5-A05C-37093C6EA15C}"
EndProject
Global
	GlobalSection(SolutionConfigurationPlatforms) = preSolution
		Debug|Any CPU = Debug|Any CPU
		Release|Any CPU = Release|Any CPU
	EndGlobalSection
	GlobalSection(ProjectConfigurationPlatforms) = postSolution
		{2BEBF2D9-18FC-4DF9-BC7F-431EFD1F088D}.Debug|Any CPU.ActiveCfg = Debug|Any CPU
		{2BEBF2D9-18FC-4DF9-BC7F-431EFD1F088D}.Debug|Any CPU.Build.0 = Debug|Any CPU
		{2BEBF2D9-18FC-4DF9-BC7F-431EFD1F088D}.Release|Any CPU.ActiveCfg = Release|Any CPU
		{2BEBF2D9-18FC-4DF9-BC7F-431EFD1F088D}.Release|Any CPU.Build.0 = Release|Any CPU
		{2ECED296-710C-4228-AFD3-7C2B3E37E1B8}.Debug|Any CPU.ActiveCfg = Debug|Any CPU
		{2ECED296-710C-4228-AFD3-7C2B3E37E1B8}.Debug|Any CPU.Build.0 = Debug|Any CPU
		{2ECED296-710C-4228-AFD3-7C2B3E37E1B8}.Release|Any CPU.ActiveCfg = Release|Any CPU
		{2ECED296-710C-4228-AFD3-7C2B3E37E1B8}.Release|Any CPU.Build.0 = Release|Any CPU
		{1038FA92-3502-4EA5-A05C-37093C6EA15C}.Debug|Any CPU.ActiveCfg = Debug|Any CPU
		{1038FA92-3502-4EA5-A05C-37093C6EA15C}.Release|Any CPU.ActiveCfg = Release|Any CPU
	EndGlobalSection
	GlobalSection(SolutionProperties) = preSolution
		HideSolutionNode = FALSE
	EndGlobalSection
	GlobalSection(ExtensibilityGlobals) = postSolution
		SolutionGuid = {AC8E455B-0513-4AD4-8CA2-3209F1FECE02}
	EndGlobalSection
EndGlobal
