
Microsoft Visual Studio Solution File, Format Version 12.00
# Visual Studio Version 16
VisualStudioVersion = 16.0.28803.156
MinimumVisualStudioVersion = 10.0.40219.1
Project("{151D2E53-A2C4-4D7D-83FE-D05416EBD58E}") = "CodingWorkshop_createVM001", "CodingWorkshop_createVM001\CodingWorkshop_createVM001.deployproj", "{9360332D-4AEE-4260-BD75-49108EEDFA43}"
EndProject
Project("{151D2E53-A2C4-4D7D-83FE-D05416EBD58E}") = "CodingWorkshop_createVM001_inEXsubnet", "CodingWorkshop_createVM001_inEXsubnet\CodingWorkshop_createVM001_inEXsubnet.deployproj", "{09CBD671-CB5E-4CA6-AD67-25B977509E8A}"
EndProject
Global
	GlobalSection(SolutionConfigurationPlatforms) = preSolution
		Debug|Any CPU = Debug|Any CPU
		Release|Any CPU = Release|Any CPU
	EndGlobalSection
	GlobalSection(ProjectConfigurationPlatforms) = postSolution
		{9360332D-4AEE-4260-BD75-49108EEDFA43}.Debug|Any CPU.ActiveCfg = Debug|Any CPU
		{9360332D-4AEE-4260-BD75-49108EEDFA43}.Debug|Any CPU.Build.0 = Debug|Any CPU
		{9360332D-4AEE-4260-BD75-49108EEDFA43}.Release|Any CPU.ActiveCfg = Release|Any CPU
		{9360332D-4AEE-4260-BD75-49108EEDFA43}.Release|Any CPU.Build.0 = Release|Any CPU
		{09CBD671-CB5E-4CA6-AD67-25B977509E8A}.Debug|Any CPU.ActiveCfg = Debug|Any CPU
		{09CBD671-CB5E-4CA6-AD67-25B977509E8A}.Debug|Any CPU.Build.0 = Debug|Any CPU
		{09CBD671-CB5E-4CA6-AD67-25B977509E8A}.Release|Any CPU.ActiveCfg = Release|Any CPU
		{09CBD671-CB5E-4CA6-AD67-25B977509E8A}.Release|Any CPU.Build.0 = Release|Any CPU
	EndGlobalSection
	GlobalSection(SolutionProperties) = preSolution
		HideSolutionNode = FALSE
	EndGlobalSection
	GlobalSection(ExtensibilityGlobals) = postSolution
		SolutionGuid = {53E257B3-EA9D-46F3-8405-3309F8F67F3C}
	EndGlobalSection
EndGlobal
